# This file is automatically @generated by Cargo.
# It is not intended for manual editing.
version = 3

[[package]]
name = "bitflags"
version = "1.3.2"
source = "registry+https://github.com/rust-lang/crates.io-index"
checksum = "bef38d45163c2f1dde094a7dfd33ccf595c92905c8f8f4fdc18d06fb1037718a"

[[package]]
name = "phantomos-init"
version = "0.1.0"
dependencies = [
 "std",
 "stivale-boot",
 "uuid",
]

[[package]]
name = "std"
version = "0.1.0"

[[package]]
name = "stivale-boot"
version = "0.3.0"
source = "git+https://github.com/rdrpenguin04/stivale?branch=stivale2_struct_tag_boot_volume#5dd6f7a3f4623ae16ddc0ffb861d13b1ed8a2c8c"
dependencies = [
 "bitflags",
 "uuid",
]

[[package]]
name = "uuid"
version = "0.8.2"
source = "registry+https://github.com/rust-lang/crates.io-index"
checksum = "bc5cf98d8186244414c848017f0e2676b3fcb46807f6668a97dfe67359a3c4b7"
