# This file is automatically @generated by Cargo.
# It is not intended for manual editing.
version = 3

[[package]]
name = "phantom-fs-drivers"
version = "0.1.0"
dependencies = [
 "phantom-panic-halt",
]

[[package]]
name = "phantom-kernel"
version = "0.1.0"
dependencies = [
 "phantom-panic-halt",
]

[[package]]
name = "phantom-loader"
version = "0.1.0"
dependencies = [
 "phantom-panic-halt",
]

[[package]]
name = "phantom-panic-halt"
version = "0.1.0"
