# This file is automatically @generated by Cargo.
# It is not intended for manual editing.
version = 3

[[package]]
name = "bitflags"
version = "1.3.2"
source = "registry+https://github.com/rust-lang/crates.io-index"
checksum = "bef38d45163c2f1dde094a7dfd33ccf595c92905c8f8f4fdc18d06fb1037718a"

[[package]]
name = "bytemuck"
version = "1.8.0"
source = "registry+https://github.com/rust-lang/crates.io-index"
checksum = "0e851ca7c24871e7336801608a4797d7376545b6928a10d32d75685687141ead"

[[package]]
name = "paste"
version = "1.0.6"
source = "registry+https://github.com/rust-lang/crates.io-index"
checksum = "0744126afe1a6dd7f394cb50a716dbe086cb06e255e53d8d0185d82828358fb5"

[[package]]
name = "phantom-filesystem-drivers"
version = "0.1.0"
dependencies = [
 "std",
]

[[package]]
name = "phantomos-init"
version = "0.1.0"
dependencies = [
 "bytemuck",
 "paste",
 "std",
 "stivale-boot",
 "uuid",
]

[[package]]
name = "std"
version = "0.1.0"

[[package]]
name = "stivale-boot"
version = "0.3.0"
source = "git+https://github.com/Andy-Python-Programmer/stivale#481d8fedf5ca0dda7960b5638182f80ef5cb2dc3"
dependencies = [
 "bitflags",
 "uuid",
]

[[package]]
name = "uuid"
version = "0.8.2"
source = "registry+https://github.com/rust-lang/crates.io-index"
checksum = "bc5cf98d8186244414c848017f0e2676b3fcb46807f6668a97dfe67359a3c4b7"
